
Microsoft Visual Studio Solution File, Format Version 12.00
# Visual Studio Version 16
VisualStudioVersion = 16.0.31205.134
MinimumVisualStudioVersion = 10.0.40219.1
Project("{FAE04EC0-301F-11D3-BF4B-00C04F79EFBC}") = "Entity", "Entity\Entity.csproj", "{D24DA234-D914-4A9D-9539-A1F231681C20}"
EndProject
Project("{FAE04EC0-301F-11D3-BF4B-00C04F79EFBC}") = "DataAccess", "DataAccess\DataAccess.csproj", "{AE83A76D-D635-48E2-A734-5A822D4441A1}"
EndProject
Project("{FAE04EC0-301F-11D3-BF4B-00C04F79EFBC}") = "Bussiness", "Bussiness\Bussiness.csproj", "{95A5178B-9CBD-421F-815F-2D0F70044848}"
EndProject
Project("{FAE04EC0-301F-11D3-BF4B-00C04F79EFBC}") = "UserInterface", "UserInterface\UserInterface.csproj", "{60C9E619-121E-46A6-B5CB-1F226096BE44}"
EndProject
Project("{54435603-DBB4-11D2-8724-00A0C9A8B90C}") = "KUTEZSetup", "KUTEZSetup\KUTEZSetup.vdproj", "{B18FDD87-352E-4C82-BD0B-F0EDCA185853}"
EndProject
Global
	GlobalSection(SolutionConfigurationPlatforms) = preSolution
		Debug|Any CPU = Debug|Any CPU
		Release|Any CPU = Release|Any CPU
	EndGlobalSection
	GlobalSection(ProjectConfigurationPlatforms) = postSolution
		{D24DA234-D914-4A9D-9539-A1F231681C20}.Debug|Any CPU.ActiveCfg = Debug|Any CPU
		{D24DA234-D914-4A9D-9539-A1F231681C20}.Debug|Any CPU.Build.0 = Debug|Any CPU
		{D24DA234-D914-4A9D-9539-A1F231681C20}.Release|Any CPU.ActiveCfg = Release|Any CPU
		{D24DA234-D914-4A9D-9539-A1F231681C20}.Release|Any CPU.Build.0 = Release|Any CPU
		{AE83A76D-D635-48E2-A734-5A822D4441A1}.Debug|Any CPU.ActiveCfg = Debug|Any CPU
		{AE83A76D-D635-48E2-A734-5A822D4441A1}.Debug|Any CPU.Build.0 = Debug|Any CPU
		{AE83A76D-D635-48E2-A734-5A822D4441A1}.Release|Any CPU.ActiveCfg = Release|Any CPU
		{AE83A76D-D635-48E2-A734-5A822D4441A1}.Release|Any CPU.Build.0 = Release|Any CPU
		{95A5178B-9CBD-421F-815F-2D0F70044848}.Debug|Any CPU.ActiveCfg = Debug|Any CPU
		{95A5178B-9CBD-421F-815F-2D0F70044848}.Debug|Any CPU.Build.0 = Debug|Any CPU
		{95A5178B-9CBD-421F-815F-2D0F70044848}.Release|Any CPU.ActiveCfg = Release|Any CPU
		{95A5178B-9CBD-421F-815F-2D0F70044848}.Release|Any CPU.Build.0 = Release|Any CPU
		{60C9E619-121E-46A6-B5CB-1F226096BE44}.Debug|Any CPU.ActiveCfg = Debug|Any CPU
		{60C9E619-121E-46A6-B5CB-1F226096BE44}.Debug|Any CPU.Build.0 = Debug|Any CPU
		{60C9E619-121E-46A6-B5CB-1F226096BE44}.Release|Any CPU.ActiveCfg = Release|Any CPU
		{60C9E619-121E-46A6-B5CB-1F226096BE44}.Release|Any CPU.Build.0 = Release|Any CPU
		{B18FDD87-352E-4C82-BD0B-F0EDCA185853}.Debug|Any CPU.ActiveCfg = Debug
		{B18FDD87-352E-4C82-BD0B-F0EDCA185853}.Release|Any CPU.ActiveCfg = Release
	EndGlobalSection
	GlobalSection(SolutionProperties) = preSolution
		HideSolutionNode = FALSE
	EndGlobalSection
	GlobalSection(ExtensibilityGlobals) = postSolution
		SolutionGuid = {9726BEFA-4B6B-452D-B48A-187964E7F59A}
	EndGlobalSection
EndGlobal
